
Microsoft Visual Studio Solution File, Format Version 12.00
# Visual Studio 15
VisualStudioVersion = 15.0.28307.705
MinimumVisualStudioVersion = 10.0.40219.1
Project("{FAE04EC0-301F-11D3-BF4B-00C04F79EFBC}") = "API", "API\API.csproj", "{13ED27B0-A6EE-40B1-80C0-9746A4FA0450}"
EndProject
Project("{FAE04EC0-301F-11D3-BF4B-00C04F79EFBC}") = "APP", "APP\APP.csproj", "{C6664A43-6E62-4DE4-989D-389A8BAF6675}"
EndProject
Project("{FAE04EC0-301F-11D3-BF4B-00C04F79EFBC}") = "WEB", "WEB\WEB.csproj", "{49726289-D9A5-4F5B-A3F6-7A594D49654C}"
EndProject
Project("{FAE04EC0-301F-11D3-BF4B-00C04F79EFBC}") = "JOB", "JOB\JOB.csproj", "{3FB91BE0-AD18-4D3A-9018-64FEB146FD00}"
EndProject
Global
	GlobalSection(SolutionConfigurationPlatforms) = preSolution
		Debug|Any CPU = Debug|Any CPU
		Release|Any CPU = Release|Any CPU
	EndGlobalSection
	GlobalSection(ProjectConfigurationPlatforms) = postSolution
		{13ED27B0-A6EE-40B1-80C0-9746A4FA0450}.Debug|Any CPU.ActiveCfg = Debug|Any CPU
		{13ED27B0-A6EE-40B1-80C0-9746A4FA0450}.Debug|Any CPU.Build.0 = Debug|Any CPU
		{13ED27B0-A6EE-40B1-80C0-9746A4FA0450}.Release|Any CPU.ActiveCfg = Release|Any CPU
		{13ED27B0-A6EE-40B1-80C0-9746A4FA0450}.Release|Any CPU.Build.0 = Release|Any CPU
		{C6664A43-6E62-4DE4-989D-389A8BAF6675}.Debug|Any CPU.ActiveCfg = Debug|Any CPU
		{C6664A43-6E62-4DE4-989D-389A8BAF6675}.Debug|Any CPU.Build.0 = Debug|Any CPU
		{C6664A43-6E62-4DE4-989D-389A8BAF6675}.Release|Any CPU.ActiveCfg = Release|Any CPU
		{C6664A43-6E62-4DE4-989D-389A8BAF6675}.Release|Any CPU.Build.0 = Release|Any CPU
		{49726289-D9A5-4F5B-A3F6-7A594D49654C}.Debug|Any CPU.ActiveCfg = Debug|Any CPU
		{49726289-D9A5-4F5B-A3F6-7A594D49654C}.Debug|Any CPU.Build.0 = Debug|Any CPU
		{49726289-D9A5-4F5B-A3F6-7A594D49654C}.Release|Any CPU.ActiveCfg = Release|Any CPU
		{49726289-D9A5-4F5B-A3F6-7A594D49654C}.Release|Any CPU.Build.0 = Release|Any CPU
		{3FB91BE0-AD18-4D3A-9018-64FEB146FD00}.Debug|Any CPU.ActiveCfg = Debug|Any CPU
		{3FB91BE0-AD18-4D3A-9018-64FEB146FD00}.Debug|Any CPU.Build.0 = Debug|Any CPU
		{3FB91BE0-AD18-4D3A-9018-64FEB146FD00}.Release|Any CPU.ActiveCfg = Release|Any CPU
		{3FB91BE0-AD18-4D3A-9018-64FEB146FD00}.Release|Any CPU.Build.0 = Release|Any CPU
	EndGlobalSection
	GlobalSection(SolutionProperties) = preSolution
		HideSolutionNode = FALSE
	EndGlobalSection
	GlobalSection(ExtensibilityGlobals) = postSolution
		SolutionGuid = {D8790BC9-0E4E-4657-B6FE-B2B45C99A67B}
	EndGlobalSection
EndGlobal
